{
  "requires": true,
  "lockfileVersion": 1,
  "dependencies": {
    "glide": {
      "version": "0.2.0",
      "resolved": "https://registry.npmjs.org/glide/-/glide-0.2.0.tgz",
      "integrity": "sha1-1i2na64w68LkiNojHkIUEFu9c9I=",
      "requires": {
        "tween.js": "~0.14.0"
      }
    },
    "tween.js": {
      "version": "0.14.0",
      "resolved": "https://registry.npmjs.org/tween.js/-/tween.js-0.14.0.tgz",
      "integrity": "sha1-It8r1AlH40IZAbn9CRv6Q4KeJmg="
    }
  }
}
